{
  "originHash" : "343deaca4bb4edbb6331dbe056d2087cb5eee1b7728c429bbca4afa467b74438",
  "pins" : [
    {
      "identity" : "openapikit",
      "kind" : "remoteSourceControl",
      "location" : "https://github.com/mattpolzin/OpenAPIKit",
      "state" : {
        "revision" : "f6b4dfb5c1779fdf487b83f00c9f58a1a34094a0",
        "version" : "7.0.0-beta.3"
      }
    },
    {
      "identity" : "yams",
      "kind" : "remoteSourceControl",
      "location" : "https://github.com/jpsim/Yams",
      "state" : {
        "revision" : "a27b21e0c81c5bf42049b897a62aaf387e80f279",
        "version" : "6.2.2"
      }
    }
  ],
  "version" : 3
}
